
Microsoft Visual Studio Solution File, Format Version 12.00
# Visual Studio 2012
Project("{FAE04EC0-301F-11D3-BF4B-00C04F79EFBC}") = "POD_lab3", "POD_lab3\POD_lab3.csproj", "{9389508D-785F-46C1-8242-E554BF740C6C}"
EndProject
Global
	GlobalSection(SolutionConfigurationPlatforms) = preSolution
		Debug|Any CPU = Debug|Any CPU
		Release|Any CPU = Release|Any CPU
	EndGlobalSection
	GlobalSection(ProjectConfigurationPlatforms) = postSolution
		{9389508D-785F-46C1-8242-E554BF740C6C}.Debug|Any CPU.ActiveCfg = Debug|Any CPU
		{9389508D-785F-46C1-8242-E554BF740C6C}.Debug|Any CPU.Build.0 = Debug|Any CPU
		{9389508D-785F-46C1-8242-E554BF740C6C}.Release|Any CPU.ActiveCfg = Release|Any CPU
		{9389508D-785F-46C1-8242-E554BF740C6C}.Release|Any CPU.Build.0 = Release|Any CPU
	EndGlobalSection
	GlobalSection(SolutionProperties) = preSolution
		HideSolutionNode = FALSE
	EndGlobalSection
EndGlobal
